
Microsoft Visual Studio Solution File, Format Version 12.00
# Visual Studio Version 16
VisualStudioVersion = 16.0.33927.289
MinimumVisualStudioVersion = 10.0.40219.1
Project("{FAE04EC0-301F-11D3-BF4B-00C04F79EFBC}") = "dotNET-module-14-homework", "dotNET-module-14-homework\dotNET-module-14-homework.csproj", "{18132C64-5842-44AA-9301-88E38994F02C}"
EndProject
Project("{FAE04EC0-301F-11D3-BF4B-00C04F79EFBC}") = "ClassLibrary", "ClassLibrary\ClassLibrary.csproj", "{8F9EBB4F-0331-4E6E-82C4-36ADF0EA294A}"
EndProject
Global
	GlobalSection(SolutionConfigurationPlatforms) = preSolution
		Debug|Any CPU = Debug|Any CPU
		Release|Any CPU = Release|Any CPU
	EndGlobalSection
	GlobalSection(ProjectConfigurationPlatforms) = postSolution
		{18132C64-5842-44AA-9301-88E38994F02C}.Debug|Any CPU.ActiveCfg = Debug|Any CPU
		{18132C64-5842-44AA-9301-88E38994F02C}.Debug|Any CPU.Build.0 = Debug|Any CPU
		{18132C64-5842-44AA-9301-88E38994F02C}.Release|Any CPU.ActiveCfg = Release|Any CPU
		{18132C64-5842-44AA-9301-88E38994F02C}.Release|Any CPU.Build.0 = Release|Any CPU
		{8F9EBB4F-0331-4E6E-82C4-36ADF0EA294A}.Debug|Any CPU.ActiveCfg = Debug|Any CPU
		{8F9EBB4F-0331-4E6E-82C4-36ADF0EA294A}.Debug|Any CPU.Build.0 = Debug|Any CPU
		{8F9EBB4F-0331-4E6E-82C4-36ADF0EA294A}.Release|Any CPU.ActiveCfg = Release|Any CPU
		{8F9EBB4F-0331-4E6E-82C4-36ADF0EA294A}.Release|Any CPU.Build.0 = Release|Any CPU
	EndGlobalSection
	GlobalSection(SolutionProperties) = preSolution
		HideSolutionNode = FALSE
	EndGlobalSection
	GlobalSection(ExtensibilityGlobals) = postSolution
		SolutionGuid = {90BE01A5-7059-4945-AB06-C727C3882EA5}
	EndGlobalSection
EndGlobal
